
Microsoft Visual Studio Solution File, Format Version 12.00
# Visual Studio Version 17
VisualStudioVersion = 17.2.32630.192
MinimumVisualStudioVersion = 10.0.40219.1
Project("{FAE04EC0-301F-11D3-BF4B-00C04F79EFBC}") = "Ex Parachutes", "Ex Parachutes\Ex Parachutes.csproj", "{67AAFAB2-8939-4E42-8F93-E81CE6C45329}"
EndProject
Global
	GlobalSection(SolutionConfigurationPlatforms) = preSolution
		Debug|Any CPU = Debug|Any CPU
		Release|Any CPU = Release|Any CPU
	EndGlobalSection
	GlobalSection(ProjectConfigurationPlatforms) = postSolution
		{67AAFAB2-8939-4E42-8F93-E81CE6C45329}.Debug|Any CPU.ActiveCfg = Debug|Any CPU
		{67AAFAB2-8939-4E42-8F93-E81CE6C45329}.Debug|Any CPU.Build.0 = Debug|Any CPU
		{67AAFAB2-8939-4E42-8F93-E81CE6C45329}.Release|Any CPU.ActiveCfg = Release|Any CPU
		{67AAFAB2-8939-4E42-8F93-E81CE6C45329}.Release|Any CPU.Build.0 = Release|Any CPU
	EndGlobalSection
	GlobalSection(SolutionProperties) = preSolution
		HideSolutionNode = FALSE
	EndGlobalSection
	GlobalSection(ExtensibilityGlobals) = postSolution
		SolutionGuid = {858CC0EF-7068-44DA-B6AF-74B31DE6A106}
	EndGlobalSection
EndGlobal
